
Microsoft Visual Studio Solution File, Format Version 12.00
# Visual Studio Version 17
VisualStudioVersion = 17.13.35931.197 d17.13
MinimumVisualStudioVersion = 10.0.40219.1
Project("{FAE04EC0-301F-11D3-BF4B-00C04F79EFBC}") = "TaskManager", "TaskManager\TaskManager.csproj", "{8BF32011-4C66-420E-B190-44580022B8AA}"
EndProject
Global
	GlobalSection(SolutionConfigurationPlatforms) = preSolution
		Debug|Any CPU = Debug|Any CPU
		Release|Any CPU = Release|Any CPU
	EndGlobalSection
	GlobalSection(ProjectConfigurationPlatforms) = postSolution
		{8BF32011-4C66-420E-B190-44580022B8AA}.Debug|Any CPU.ActiveCfg = Debug|Any CPU
		{8BF32011-4C66-420E-B190-44580022B8AA}.Debug|Any CPU.Build.0 = Debug|Any CPU
		{8BF32011-4C66-420E-B190-44580022B8AA}.Release|Any CPU.ActiveCfg = Release|Any CPU
		{8BF32011-4C66-420E-B190-44580022B8AA}.Release|Any CPU.Build.0 = Release|Any CPU
	EndGlobalSection
	GlobalSection(SolutionProperties) = preSolution
		HideSolutionNode = FALSE
	EndGlobalSection
	GlobalSection(ExtensibilityGlobals) = postSolution
		SolutionGuid = {10A2092E-9C07-47E8-BB08-F184B5FED4FE}
	EndGlobalSection
EndGlobal
